
Microsoft Visual Studio Solution File, Format Version 12.00
# Visual Studio 15
VisualStudioVersion = 15.0.27703.2042
MinimumVisualStudioVersion = 10.0.40219.1
Project("{FAE04EC0-301F-11D3-BF4B-00C04F79EFBC}") = "DDE2TCP", "DDE2TCP\DDE2TCP.csproj", "{DF61E665-4746-4D0B-BAB4-99FAAEDE29D9}"
EndProject
Global
	GlobalSection(SolutionConfigurationPlatforms) = preSolution
		Debug|Any CPU = Debug|Any CPU
		Release|Any CPU = Release|Any CPU
	EndGlobalSection
	GlobalSection(ProjectConfigurationPlatforms) = postSolution
		{DF61E665-4746-4D0B-BAB4-99FAAEDE29D9}.Debug|Any CPU.ActiveCfg = Debug|Any CPU
		{DF61E665-4746-4D0B-BAB4-99FAAEDE29D9}.Debug|Any CPU.Build.0 = Debug|Any CPU
		{DF61E665-4746-4D0B-BAB4-99FAAEDE29D9}.Release|Any CPU.ActiveCfg = Release|Any CPU
		{DF61E665-4746-4D0B-BAB4-99FAAEDE29D9}.Release|Any CPU.Build.0 = Release|Any CPU
	EndGlobalSection
	GlobalSection(SolutionProperties) = preSolution
		HideSolutionNode = FALSE
	EndGlobalSection
	GlobalSection(ExtensibilityGlobals) = postSolution
		SolutionGuid = {34D359B6-E071-4AC8-8665-0447855FEA59}
	EndGlobalSection
EndGlobal
